// !$*UTF8*$!
{
	archiveVersion = 1;
	classes = {
	};
	objectVersion = 46;
	objects = {

/* Begin PBXBuildFile section */
		968E96E61D8F994A00DF5E3F /* AppDelegate.swift in Sources */ = {isa = PBXBuildFile; fileRef = 968E96E51D8F994A00DF5E3F /* AppDelegate.swift */; };
		968E96EB1D8F994A00DF5E3F /* Main.storyboard in Resources */ = {isa = PBXBuildFile; fileRef = 968E96E91D8F994A00DF5E3F /* Main.storyboard */; };
		968E96ED1D8F994A00DF5E3F /* Assets.xcassets in Resources */ = {isa = PBXBuildFile; fileRef = 968E96EC1D8F994A00DF5E3F /* Assets.xcassets */; };
		968E96F01D8F994A00DF5E3F /* LaunchScreen.storyboard in Resources */ = {isa = PBXBuildFile; fileRef = 968E96EE1D8F994A00DF5E3F /* LaunchScreen.storyboard */; };
		968E96F81D8FA5C700DF5E3F /* GuideController.swift in Sources */ = {isa = PBXBuildFile; fileRef = 968E96F71D8FA5C700DF5E3F /* GuideController.swift */; };
		968E96FB1D8FA5E600DF5E3F /* BaseController.swift in Sources */ = {isa = PBXBuildFile; fileRef = 968E96FA1D8FA5E600DF5E3F /* BaseController.swift */; };
		968E96FD1D8FC9A700DF5E3F /* LoginController.swift in Sources */ = {isa = PBXBuildFile; fileRef = 968E96FC1D8FC9A700DF5E3F /* LoginController.swift */; };
		968E97001D8FD82A00DF5E3F /* CustomPresentAnimationController.swift in Sources */ = {isa = PBXBuildFile; fileRef = 968E96FE1D8FD82A00DF5E3F /* CustomPresentAnimationController.swift */; };
		968E97011D8FD82A00DF5E3F /* CustomDismissAnimationController.swift in Sources */ = {isa = PBXBuildFile; fileRef = 968E96FF1D8FD82A00DF5E3F /* CustomDismissAnimationController.swift */; };
		968E97031D8FE6BB00DF5E3F /* MoreController.swift in Sources */ = {isa = PBXBuildFile; fileRef = 968E97021D8FE6BB00DF5E3F /* MoreController.swift */; };
		968E97051D8FFA9000DF5E3F /* RemindController.swift in Sources */ = {isa = PBXBuildFile; fileRef = 968E97041D8FFA9000DF5E3F /* RemindController.swift */; };
		9693FBE21D9019F20096EE4A /* AnxietyCheckController.swift in Sources */ = {isa = PBXBuildFile; fileRef = 9693FBE11D9019F20096EE4A /* AnxietyCheckController.swift */; };
		9693FBE81D901E0F0096EE4A /* SelectionCell.swift in Sources */ = {isa = PBXBuildFile; fileRef = 9693FBE61D901E0F0096EE4A /* SelectionCell.swift */; };
		9693FBE91D901E0F0096EE4A /* SelectionCell.xib in Resources */ = {isa = PBXBuildFile; fileRef = 9693FBE71D901E0F0096EE4A /* SelectionCell.xib */; };
		9693FBEB1D9028B60096EE4A /* SelectionHeader.swift in Sources */ = {isa = PBXBuildFile; fileRef = 9693FBEA1D9028B60096EE4A /* SelectionHeader.swift */; };
		9693FBED1D9028C50096EE4A /* SelectionHeader.xib in Resources */ = {isa = PBXBuildFile; fileRef = 9693FBEC1D9028C50096EE4A /* SelectionHeader.xib */; };
		9693FBF21D902A5C0096EE4A /* SelectionFooterCell.swift in Sources */ = {isa = PBXBuildFile; fileRef = 9693FBF01D902A5C0096EE4A /* SelectionFooterCell.swift */; };
		9693FBF31D902A5C0096EE4A /* SelectionFooterCell.xib in Resources */ = {isa = PBXBuildFile; fileRef = 9693FBF11D902A5C0096EE4A /* SelectionFooterCell.xib */; };
/* End PBXBuildFile section */

/* Begin PBXFileReference section */
		968E96E21D8F994A00DF5E3F /* healthy.app */ = {isa = PBXFileReference; explicitFileType = wrapper.application; includeInIndex = 0; path = healthy.app; sourceTree = BUILT_PRODUCTS_DIR; };
		968E96E51D8F994A00DF5E3F /* AppDelegate.swift */ = {isa = PBXFileReference; lastKnownFileType = sourcecode.swift; path = AppDelegate.swift; sourceTree = "<group>"; };
		968E96EA1D8F994A00DF5E3F /* Base */ = {isa = PBXFileReference; lastKnownFileType = file.storyboard; name = Base; path = Base.lproj/Main.storyboard; sourceTree = "<group>"; };
		968E96EC1D8F994A00DF5E3F /* Assets.xcassets */ = {isa = PBXFileReference; lastKnownFileType = folder.assetcatalog; path = Assets.xcassets; sourceTree = "<group>"; };
		968E96EF1D8F994A00DF5E3F /* Base */ = {isa = PBXFileReference; lastKnownFileType = file.storyboard; name = Base; path = Base.lproj/LaunchScreen.storyboard; sourceTree = "<group>"; };
		968E96F11D8F994A00DF5E3F /* Info.plist */ = {isa = PBXFileReference; lastKnownFileType = text.plist.xml; path = Info.plist; sourceTree = "<group>"; };
		968E96F71D8FA5C700DF5E3F /* GuideController.swift */ = {isa = PBXFileReference; fileEncoding = 4; lastKnownFileType = sourcecode.swift; path = GuideController.swift; sourceTree = "<group>"; };
		968E96FA1D8FA5E600DF5E3F /* BaseController.swift */ = {isa = PBXFileReference; fileEncoding = 4; lastKnownFileType = sourcecode.swift; path = BaseController.swift; sourceTree = "<group>"; };
		968E96FC1D8FC9A700DF5E3F /* LoginController.swift */ = {isa = PBXFileReference; fileEncoding = 4; lastKnownFileType = sourcecode.swift; path = LoginController.swift; sourceTree = "<group>"; };
		968E96FE1D8FD82A00DF5E3F /* CustomPresentAnimationController.swift */ = {isa = PBXFileReference; fileEncoding = 4; lastKnownFileType = sourcecode.swift; path = CustomPresentAnimationController.swift; sourceTree = "<group>"; };
		968E96FF1D8FD82A00DF5E3F /* CustomDismissAnimationController.swift */ = {isa = PBXFileReference; fileEncoding = 4; lastKnownFileType = sourcecode.swift; path = CustomDismissAnimationController.swift; sourceTree = "<group>"; };
		968E97021D8FE6BB00DF5E3F /* MoreController.swift */ = {isa = PBXFileReference; fileEncoding = 4; lastKnownFileType = sourcecode.swift; path = MoreController.swift; sourceTree = "<group>"; };
		968E97041D8FFA9000DF5E3F /* RemindController.swift */ = {isa = PBXFileReference; fileEncoding = 4; lastKnownFileType = sourcecode.swift; path = RemindController.swift; sourceTree = "<group>"; };
		9693FBE11D9019F20096EE4A /* AnxietyCheckController.swift */ = {isa = PBXFileReference; fileEncoding = 4; lastKnownFileType = sourcecode.swift; path = AnxietyCheckController.swift; sourceTree = "<group>"; };
		9693FBE61D901E0F0096EE4A /* SelectionCell.swift */ = {isa = PBXFileReference; fileEncoding = 4; lastKnownFileType = sourcecode.swift; path = SelectionCell.swift; sourceTree = "<group>"; };
		9693FBE71D901E0F0096EE4A /* SelectionCell.xib */ = {isa = PBXFileReference; fileEncoding = 4; lastKnownFileType = file.xib; path = SelectionCell.xib; sourceTree = "<group>"; };
		9693FBEA1D9028B60096EE4A /* SelectionHeader.swift */ = {isa = PBXFileReference; fileEncoding = 4; lastKnownFileType = sourcecode.swift; path = SelectionHeader.swift; sourceTree = "<group>"; };
		9693FBEC1D9028C50096EE4A /* SelectionHeader.xib */ = {isa = PBXFileReference; fileEncoding = 4; lastKnownFileType = file.xib; path = SelectionHeader.xib; sourceTree = "<group>"; };
		9693FBF01D902A5C0096EE4A /* SelectionFooterCell.swift */ = {isa = PBXFileReference; fileEncoding = 4; lastKnownFileType = sourcecode.swift; path = SelectionFooterCell.swift; sourceTree = "<group>"; };
		9693FBF11D902A5C0096EE4A /* SelectionFooterCell.xib */ = {isa = PBXFileReference; fileEncoding = 4; lastKnownFileType = file.xib; path = SelectionFooterCell.xib; sourceTree = "<group>"; };
/* End PBXFileReference section */

/* Begin PBXFrameworksBuildPhase section */
		968E96DF1D8F994A00DF5E3F /* Frameworks */ = {
			isa = PBXFrameworksBuildPhase;
			buildActionMask = 2147483647;
			files = (
			);
			runOnlyForDeploymentPostprocessing = 0;
		};
/* End PBXFrameworksBuildPhase section */

/* Begin PBXGroup section */
		968E96D91D8F994A00DF5E3F = {
			isa = PBXGroup;
			children = (
				968E96E41D8F994A00DF5E3F /* healthy */,
				968E96E31D8F994A00DF5E3F /* Products */,
			);
			sourceTree = "<group>";
		};
		968E96E31D8F994A00DF5E3F /* Products */ = {
			isa = PBXGroup;
			children = (
				968E96E21D8F994A00DF5E3F /* healthy.app */,
			);
			name = Products;
			sourceTree = "<group>";
		};
		968E96E41D8F994A00DF5E3F /* healthy */ = {
			isa = PBXGroup;
			children = (
				9693FBE31D901CB50096EE4A /* Cell&Header */,
				968E96F91D8FA5CC00DF5E3F /* ViewController */,
				968E96E51D8F994A00DF5E3F /* AppDelegate.swift */,
				968E96E91D8F994A00DF5E3F /* Main.storyboard */,
				968E96EC1D8F994A00DF5E3F /* Assets.xcassets */,
				968E96EE1D8F994A00DF5E3F /* LaunchScreen.storyboard */,
				968E96F11D8F994A00DF5E3F /* Info.plist */,
			);
			path = healthy;
			sourceTree = "<group>";
		};
		968E96F91D8FA5CC00DF5E3F /* ViewController */ = {
			isa = PBXGroup;
			children = (
				968E96FA1D8FA5E600DF5E3F /* BaseController.swift */,
				968E96F71D8FA5C700DF5E3F /* GuideController.swift */,
				968E96FC1D8FC9A700DF5E3F /* LoginController.swift */,
				968E96FE1D8FD82A00DF5E3F /* CustomPresentAnimationController.swift */,
				968E96FF1D8FD82A00DF5E3F /* CustomDismissAnimationController.swift */,
				968E97021D8FE6BB00DF5E3F /* MoreController.swift */,
				968E97041D8FFA9000DF5E3F /* RemindController.swift */,
				9693FBE11D9019F20096EE4A /* AnxietyCheckController.swift */,
			);
			name = ViewController;
			sourceTree = "<group>";
		};
		9693FBE31D901CB50096EE4A /* Cell&Header */ = {
			isa = PBXGroup;
			children = (
				9693FBE61D901E0F0096EE4A /* SelectionCell.swift */,
				9693FBE71D901E0F0096EE4A /* SelectionCell.xib */,
				9693FBEA1D9028B60096EE4A /* SelectionHeader.swift */,
				9693FBEC1D9028C50096EE4A /* SelectionHeader.xib */,
				9693FBF01D902A5C0096EE4A /* SelectionFooterCell.swift */,
				9693FBF11D902A5C0096EE4A /* SelectionFooterCell.xib */,
			);
			name = "Cell&Header";
			sourceTree = "<group>";
		};
/* End PBXGroup section */

/* Begin PBXNativeTarget section */
		968E96E11D8F994A00DF5E3F /* healthy */ = {
			isa = PBXNativeTarget;
			buildConfigurationList = 968E96F41D8F994A00DF5E3F /* Build configuration list for PBXNativeTarget "healthy" */;
			buildPhases = (
				968E96DE1D8F994A00DF5E3F /* Sources */,
				968E96DF1D8F994A00DF5E3F /* Frameworks */,
				968E96E01D8F994A00DF5E3F /* Resources */,
			);
			buildRules = (
			);
			dependencies = (
			);
			name = healthy;
			productName = healthy;
			productReference = 968E96E21D8F994A00DF5E3F /* healthy.app */;
			productType = "com.apple.product-type.application";
		};
/* End PBXNativeTarget section */

/* Begin PBXProject section */
		968E96DA1D8F994A00DF5E3F /* Project object */ = {
			isa = PBXProject;
			attributes = {
				LastSwiftUpdateCheck = 0800;
				LastUpgradeCheck = 0800;
				ORGANIZATIONNAME = WHY;
				TargetAttributes = {
					968E96E11D8F994A00DF5E3F = {
						CreatedOnToolsVersion = 8.0;
						ProvisioningStyle = Automatic;
					};
				};
			};
			buildConfigurationList = 968E96DD1D8F994A00DF5E3F /* Build configuration list for PBXProject "healthy" */;
			compatibilityVersion = "Xcode 3.2";
			developmentRegion = English;
			hasScannedForEncodings = 0;
			knownRegions = (
				en,
				Base,
			);
			mainGroup = 968E96D91D8F994A00DF5E3F;
			productRefGroup = 968E96E31D8F994A00DF5E3F /* Products */;
			projectDirPath = "";
			projectRoot = "";
			targets = (
				968E96E11D8F994A00DF5E3F /* healthy */,
			);
		};
/* End PBXProject section */

/* Begin PBXResourcesBuildPhase section */
		968E96E01D8F994A00DF5E3F /* Resources */ = {
			isa = PBXResourcesBuildPhase;
			buildActionMask = 2147483647;
			files = (
				9693FBE91D901E0F0096EE4A /* SelectionCell.xib in Resources */,
				968E96F01D8F994A00DF5E3F /* LaunchScreen.storyboard in Resources */,
				968E96ED1D8F994A00DF5E3F /* Assets.xcassets in Resources */,
				968E96EB1D8F994A00DF5E3F /* Main.storyboard in Resources */,
				9693FBED1D9028C50096EE4A /* SelectionHeader.xib in Resources */,
				9693FBF31D902A5C0096EE4A /* SelectionFooterCell.xib in Resources */,
			);
			runOnlyForDeploymentPostprocessing = 0;
		};
/* End PBXResourcesBuildPhase section */

/* Begin PBXSourcesBuildPhase section */
		968E96DE1D8F994A00DF5E3F /* Sources */ = {
			isa = PBXSourcesBuildPhase;
			buildActionMask = 2147483647;
			files = (
				968E97011D8FD82A00DF5E3F /* CustomDismissAnimationController.swift in Sources */,
				9693FBF21D902A5C0096EE4A /* SelectionFooterCell.swift in Sources */,
				968E96F81D8FA5C700DF5E3F /* GuideController.swift in Sources */,
				9693FBEB1D9028B60096EE4A /* SelectionHeader.swift in Sources */,
				9693FBE81D901E0F0096EE4A /* SelectionCell.swift in Sources */,
				968E97031D8FE6BB00DF5E3F /* MoreController.swift in Sources */,
				968E96FD1D8FC9A700DF5E3F /* LoginController.swift in Sources */,
				968E97051D8FFA9000DF5E3F /* RemindController.swift in Sources */,
				968E97001D8FD82A00DF5E3F /* CustomPresentAnimationController.swift in Sources */,
				968E96FB1D8FA5E600DF5E3F /* BaseController.swift in Sources */,
				9693FBE21D9019F20096EE4A /* AnxietyCheckController.swift in Sources */,
				968E96E61D8F994A00DF5E3F /* AppDelegate.swift in Sources */,
			);
			runOnlyForDeploymentPostprocessing = 0;
		};
/* End PBXSourcesBuildPhase section */

/* Begin PBXVariantGroup section */
		968E96E91D8F994A00DF5E3F /* Main.storyboard */ = {
			isa = PBXVariantGroup;
			children = (
				968E96EA1D8F994A00DF5E3F /* Base */,
			);
			name = Main.storyboard;
			sourceTree = "<group>";
		};
		968E96EE1D8F994A00DF5E3F /* LaunchScreen.storyboard */ = {
			isa = PBXVariantGroup;
			children = (
				968E96EF1D8F994A00DF5E3F /* Base */,
			);
			name = LaunchScreen.storyboard;
			sourceTree = "<group>";
		};
/* End PBXVariantGroup section */

/* Begin XCBuildConfiguration section */
		968E96F21D8F994A00DF5E3F /* Debug */ = {
			isa = XCBuildConfiguration;
			buildSettings = {
				ALWAYS_SEARCH_USER_PATHS = NO;
				CLANG_ANALYZER_NONNULL = YES;
				CLANG_CXX_LANGUAGE_STANDARD = "gnu++0x";
				CLANG_CXX_LIBRARY = "libc++";
				CLANG_ENABLE_MODULES = YES;
				CLANG_ENABLE_OBJC_ARC = YES;
				CLANG_WARN_BOOL_CONVERSION = YES;
				CLANG_WARN_CONSTANT_CONVERSION = YES;
				CLANG_WARN_DIRECT_OBJC_ISA_USAGE = YES_ERROR;
				CLANG_WARN_DOCUMENTATION_COMMENTS = YES;
				CLANG_WARN_EMPTY_BODY = YES;
				CLANG_WARN_ENUM_CONVERSION = YES;
				CLANG_WARN_INFINITE_RECURSION = YES;
				CLANG_WARN_INT_CONVERSION = YES;
				CLANG_WARN_OBJC_ROOT_CLASS = YES_ERROR;
				CLANG_WARN_SUSPICIOUS_MOVES = YES;
				CLANG_WARN_UNREACHABLE_CODE = YES;
				CLANG_WARN__DUPLICATE_METHOD_MATCH = YES;
				"CODE_SIGN_IDENTITY[sdk=iphoneos*]" = "iPhone Developer";
				COPY_PHASE_STRIP = NO;
				DEBUG_INFORMATION_FORMAT = dwarf;
				ENABLE_STRICT_OBJC_MSGSEND = YES;
				ENABLE_TESTABILITY = YES;
				GCC_C_LANGUAGE_STANDARD = gnu99;
				GCC_DYNAMIC_NO_PIC = NO;
				GCC_NO_COMMON_BLOCKS = YES;
				GCC_OPTIMIZATION_LEVEL = 0;
				GCC_PREPROCESSOR_DEFINITIONS = (
					"DEBUG=1",
					"$(inherited)",
				);
				GCC_WARN_64_TO_32_BIT_CONVERSION = YES;
				GCC_WARN_ABOUT_RETURN_TYPE = YES_ERROR;
				GCC_WARN_UNDECLARED_SELECTOR = YES;
				GCC_WARN_UNINITIALIZED_AUTOS = YES_AGGRESSIVE;
				GCC_WARN_UNUSED_FUNCTION = YES;
				GCC_WARN_UNUSED_VARIABLE = YES;
				IPHONEOS_DEPLOYMENT_TARGET = 10.0;
				MTL_ENABLE_DEBUG_INFO = YES;
				ONLY_ACTIVE_ARCH = YES;
				SDKROOT = iphoneos;
				SWIFT_ACTIVE_COMPILATION_CONDITIONS = DEBUG;
				SWIFT_OPTIMIZATION_LEVEL = "-Onone";
			};
			name = Debug;
		};
		968E96F31D8F994A00DF5E3F /* Release */ = {
			isa = XCBuildConfiguration;
			buildSettings = {
				ALWAYS_SEARCH_USER_PATHS = NO;
				CLANG_ANALYZER_NONNULL = YES;
				CLANG_CXX_LANGUAGE_STANDARD = "gnu++0x";
				CLANG_CXX_LIBRARY = "libc++";
				CLANG_ENABLE_MODULES = YES;
				CLANG_ENABLE_OBJC_ARC = YES;
				CLANG_WARN_BOOL_CONVERSION = YES;
				CLANG_WARN_CONSTANT_CONVERSION = YES;
				CLANG_WARN_DIRECT_OBJC_ISA_USAGE = YES_ERROR;
				CLANG_WARN_DOCUMENTATION_COMMENTS = YES;
				CLANG_WARN_EMPTY_BODY = YES;
				CLANG_WARN_ENUM_CONVERSION = YES;
				CLANG_WARN_INFINITE_RECURSION = YES;
				CLANG_WARN_INT_CONVERSION = YES;
				CLANG_WARN_OBJC_ROOT_CLASS = YES_ERROR;
				CLANG_WARN_SUSPICIOUS_MOVES = YES;
				CLANG_WARN_UNREACHABLE_CODE = YES;
				CLANG_WARN__DUPLICATE_METHOD_MATCH = YES;
				"CODE_SIGN_IDENTITY[sdk=iphoneos*]" = "iPhone Developer";
				COPY_PHASE_STRIP = NO;
				DEBUG_INFORMATION_FORMAT = "dwarf-with-dsym";
				ENABLE_NS_ASSERTIONS = NO;
				ENABLE_STRICT_OBJC_MSGSEND = YES;
				GCC_C_LANGUAGE_STANDARD = gnu99;
				GCC_NO_COMMON_BLOCKS = YES;
				GCC_WARN_64_TO_32_BIT_CONVERSION = YES;
				GCC_WARN_ABOUT_RETURN_TYPE = YES_ERROR;
				GCC_WARN_UNDECLARED_SELECTOR = YES;
				GCC_WARN_UNINITIALIZED_AUTOS = YES_AGGRESSIVE;
				GCC_WARN_UNUSED_FUNCTION = YES;
				GCC_WARN_UNUSED_VARIABLE = YES;
				IPHONEOS_DEPLOYMENT_TARGET = 10.0;
				MTL_ENABLE_DEBUG_INFO = NO;
				SDKROOT = iphoneos;
				SWIFT_OPTIMIZATION_LEVEL = "-Owholemodule";
				VALIDATE_PRODUCT = YES;
			};
			name = Release;
		};
		968E96F51D8F994A00DF5E3F /* Debug */ = {
			isa = XCBuildConfiguration;
			buildSettings = {
				ASSETCATALOG_COMPILER_APPICON_NAME = AppIcon;
				DEVELOPMENT_TEAM = "";
				INFOPLIST_FILE = healthy/Info.plist;
				IPHONEOS_DEPLOYMENT_TARGET = 8.0;
				LD_RUNPATH_SEARCH_PATHS = "$(inherited) @executable_path/Frameworks";
				PRODUCT_BUNDLE_IDENTIFIER = com.why.healthy;
				PRODUCT_NAME = "$(TARGET_NAME)";
				SWIFT_VERSION = 3.0;
			};
			name = Debug;
		};
		968E96F61D8F994A00DF5E3F /* Release */ = {
			isa = XCBuildConfiguration;
			buildSettings = {
				ASSETCATALOG_COMPILER_APPICON_NAME = AppIcon;
				DEVELOPMENT_TEAM = "";
				INFOPLIST_FILE = healthy/Info.plist;
				IPHONEOS_DEPLOYMENT_TARGET = 8.0;
				LD_RUNPATH_SEARCH_PATHS = "$(inherited) @executable_path/Frameworks";
				PRODUCT_BUNDLE_IDENTIFIER = com.why.healthy;
				PRODUCT_NAME = "$(TARGET_NAME)";
				SWIFT_VERSION = 3.0;
			};
			name = Release;
		};
/* End XCBuildConfiguration section */

/* Begin XCConfigurationList section */
		968E96DD1D8F994A00DF5E3F /* Build configuration list for PBXProject "healthy" */ = {
			isa = XCConfigurationList;
			buildConfigurations = (
				968E96F21D8F994A00DF5E3F /* Debug */,
				968E96F31D8F994A00DF5E3F /* Release */,
			);
			defaultConfigurationIsVisible = 0;
			defaultConfigurationName = Release;
		};
		968E96F41D8F994A00DF5E3F /* Build configuration list for PBXNativeTarget "healthy" */ = {
			isa = XCConfigurationList;
			buildConfigurations = (
				968E96F51D8F994A00DF5E3F /* Debug */,
				968E96F61D8F994A00DF5E3F /* Release */,
			);
			defaultConfigurationIsVisible = 0;
			defaultConfigurationName = Release;
		};
/* End XCConfigurationList section */
	};
	rootObject = 968E96DA1D8F994A00DF5E3F /* Project object */;
}
